
Microsoft Visual Studio Solution File, Format Version 12.00
# Visual Studio Version 16
VisualStudioVersion = 16.0.30011.22
MinimumVisualStudioVersion = 10.0.40219.1
Project("{FAE04EC0-301F-11D3-BF4B-00C04F79EFBC}") = "InsuranceRecommender", "InsuranceRecommender\InsuranceRecommender.csproj", "{69ED82B5-C6F1-4E75-8878-BCD60BE155E5}"
EndProject
Global
	GlobalSection(SolutionConfigurationPlatforms) = preSolution
		Debug|Any CPU = Debug|Any CPU
		Release|Any CPU = Release|Any CPU
	EndGlobalSection
	GlobalSection(ProjectConfigurationPlatforms) = postSolution
		{69ED82B5-C6F1-4E75-8878-BCD60BE155E5}.Debug|Any CPU.ActiveCfg = Debug|Any CPU
		{69ED82B5-C6F1-4E75-8878-BCD60BE155E5}.Debug|Any CPU.Build.0 = Debug|Any CPU
		{69ED82B5-C6F1-4E75-8878-BCD60BE155E5}.Release|Any CPU.ActiveCfg = Release|Any CPU
		{69ED82B5-C6F1-4E75-8878-BCD60BE155E5}.Release|Any CPU.Build.0 = Release|Any CPU
	EndGlobalSection
	GlobalSection(SolutionProperties) = preSolution
		HideSolutionNode = FALSE
	EndGlobalSection
	GlobalSection(ExtensibilityGlobals) = postSolution
		SolutionGuid = {019E2898-ADCD-4AE1-B57D-E2F14AA7E23F}
	EndGlobalSection
EndGlobal
